
Microsoft Visual Studio Solution File, Format Version 12.00
# Visual Studio 15
VisualStudioVersion = 15.0.27703.2026
MinimumVisualStudioVersion = 10.0.40219.1
Project("{FAE04EC0-301F-11D3-BF4B-00C04F79EFBC}") = "ConsoleApp1", "ConsoleApp1\ConsoleApp1.csproj", "{CB047A38-8E70-4FF0-AC31-0395F53F7A0C}"
EndProject
Project("{FAE04EC0-301F-11D3-BF4B-00C04F79EFBC}") = "WpfApp1", "WpfApp1\WpfApp1.csproj", "{D1D4FD9F-45B7-4F85-852A-4641C43ED1DB}"
EndProject
Project("{FAE04EC0-301F-11D3-BF4B-00C04F79EFBC}") = "ClassLibrary1", "ClassLibrary1\ClassLibrary1.csproj", "{4C8B2879-46CF-44DB-9882-E195C5CBC7E0}"
EndProject
Project("{2150E333-8FDC-42A3-9474-1A3956D46DE8}") = "Plugin", "Plugin", "{10A7500E-B501-4B8E-A159-DF70C664686A}"
EndProject
Project("{FAE04EC0-301F-11D3-BF4B-00C04F79EFBC}") = "Plugin1", "Plugin1\Plugin1.csproj", "{3119FCBA-2B0E-4112-B875-F1AD35BD9534}"
EndProject
Project("{FAE04EC0-301F-11D3-BF4B-00C04F79EFBC}") = "ConsoleApp2", "ConsoleApp2\ConsoleApp2.csproj", "{CECB48CA-EE06-4162-A37E-14CD36A017BF}"
EndProject
Project("{FAE04EC0-301F-11D3-BF4B-00C04F79EFBC}") = "Debug", "Debug\Debug.csproj", "{DEAA2C99-8A8F-4CBF-8F62-35EAB01C33E4}"
EndProject
Project("{FAE04EC0-301F-11D3-BF4B-00C04F79EFBC}") = "Crypto", "Crypto\Crypto.csproj", "{92384DA7-BD03-49B3-9318-48488DE28139}"
EndProject
Project("{FAE04EC0-301F-11D3-BF4B-00C04F79EFBC}") = "Mutex_Example", "Mutex_Example\Mutex_Example.csproj", "{EBEC5239-2F18-4F3D-88CE-68D37B7B4F7B}"
EndProject
Project("{FAE04EC0-301F-11D3-BF4B-00C04F79EFBC}") = "Semaphore_Example", "Semaphore_Example\Semaphore_Example.csproj", "{35CCA5E1-0F3F-4E40-8ACF-5C2EFE832536}"
EndProject
Global
	GlobalSection(SolutionConfigurationPlatforms) = preSolution
		Debug|Any CPU = Debug|Any CPU
		Release|Any CPU = Release|Any CPU
	EndGlobalSection
	GlobalSection(ProjectConfigurationPlatforms) = postSolution
		{CB047A38-8E70-4FF0-AC31-0395F53F7A0C}.Debug|Any CPU.ActiveCfg = Debug|Any CPU
		{CB047A38-8E70-4FF0-AC31-0395F53F7A0C}.Debug|Any CPU.Build.0 = Debug|Any CPU
		{CB047A38-8E70-4FF0-AC31-0395F53F7A0C}.Release|Any CPU.ActiveCfg = Release|Any CPU
		{CB047A38-8E70-4FF0-AC31-0395F53F7A0C}.Release|Any CPU.Build.0 = Release|Any CPU
		{D1D4FD9F-45B7-4F85-852A-4641C43ED1DB}.Debug|Any CPU.ActiveCfg = Debug|Any CPU
		{D1D4FD9F-45B7-4F85-852A-4641C43ED1DB}.Debug|Any CPU.Build.0 = Debug|Any CPU
		{D1D4FD9F-45B7-4F85-852A-4641C43ED1DB}.Release|Any CPU.ActiveCfg = Release|Any CPU
		{D1D4FD9F-45B7-4F85-852A-4641C43ED1DB}.Release|Any CPU.Build.0 = Release|Any CPU
		{4C8B2879-46CF-44DB-9882-E195C5CBC7E0}.Debug|Any CPU.ActiveCfg = Debug|Any CPU
		{4C8B2879-46CF-44DB-9882-E195C5CBC7E0}.Debug|Any CPU.Build.0 = Debug|Any CPU
		{4C8B2879-46CF-44DB-9882-E195C5CBC7E0}.Release|Any CPU.ActiveCfg = Release|Any CPU
		{4C8B2879-46CF-44DB-9882-E195C5CBC7E0}.Release|Any CPU.Build.0 = Release|Any CPU
		{3119FCBA-2B0E-4112-B875-F1AD35BD9534}.Debug|Any CPU.ActiveCfg = Debug|Any CPU
		{3119FCBA-2B0E-4112-B875-F1AD35BD9534}.Debug|Any CPU.Build.0 = Debug|Any CPU
		{3119FCBA-2B0E-4112-B875-F1AD35BD9534}.Release|Any CPU.ActiveCfg = Release|Any CPU
		{3119FCBA-2B0E-4112-B875-F1AD35BD9534}.Release|Any CPU.Build.0 = Release|Any CPU
		{CECB48CA-EE06-4162-A37E-14CD36A017BF}.Debug|Any CPU.ActiveCfg = Debug|Any CPU
		{CECB48CA-EE06-4162-A37E-14CD36A017BF}.Debug|Any CPU.Build.0 = Debug|Any CPU
		{CECB48CA-EE06-4162-A37E-14CD36A017BF}.Release|Any CPU.ActiveCfg = Release|Any CPU
		{CECB48CA-EE06-4162-A37E-14CD36A017BF}.Release|Any CPU.Build.0 = Release|Any CPU
		{DEAA2C99-8A8F-4CBF-8F62-35EAB01C33E4}.Debug|Any CPU.ActiveCfg = Debug|Any CPU
		{DEAA2C99-8A8F-4CBF-8F62-35EAB01C33E4}.Debug|Any CPU.Build.0 = Debug|Any CPU
		{DEAA2C99-8A8F-4CBF-8F62-35EAB01C33E4}.Release|Any CPU.ActiveCfg = Release|Any CPU
		{DEAA2C99-8A8F-4CBF-8F62-35EAB01C33E4}.Release|Any CPU.Build.0 = Release|Any CPU
		{92384DA7-BD03-49B3-9318-48488DE28139}.Debug|Any CPU.ActiveCfg = Debug|Any CPU
		{92384DA7-BD03-49B3-9318-48488DE28139}.Debug|Any CPU.Build.0 = Debug|Any CPU
		{92384DA7-BD03-49B3-9318-48488DE28139}.Release|Any CPU.ActiveCfg = Release|Any CPU
		{92384DA7-BD03-49B3-9318-48488DE28139}.Release|Any CPU.Build.0 = Release|Any CPU
		{EBEC5239-2F18-4F3D-88CE-68D37B7B4F7B}.Debug|Any CPU.ActiveCfg = Debug|Any CPU
		{EBEC5239-2F18-4F3D-88CE-68D37B7B4F7B}.Debug|Any CPU.Build.0 = Debug|Any CPU
		{EBEC5239-2F18-4F3D-88CE-68D37B7B4F7B}.Release|Any CPU.ActiveCfg = Release|Any CPU
		{EBEC5239-2F18-4F3D-88CE-68D37B7B4F7B}.Release|Any CPU.Build.0 = Release|Any CPU
		{35CCA5E1-0F3F-4E40-8ACF-5C2EFE832536}.Debug|Any CPU.ActiveCfg = Debug|Any CPU
		{35CCA5E1-0F3F-4E40-8ACF-5C2EFE832536}.Debug|Any CPU.Build.0 = Debug|Any CPU
		{35CCA5E1-0F3F-4E40-8ACF-5C2EFE832536}.Release|Any CPU.ActiveCfg = Release|Any CPU
		{35CCA5E1-0F3F-4E40-8ACF-5C2EFE832536}.Release|Any CPU.Build.0 = Release|Any CPU
	EndGlobalSection
	GlobalSection(SolutionProperties) = preSolution
		HideSolutionNode = FALSE
	EndGlobalSection
	GlobalSection(NestedProjects) = preSolution
		{3119FCBA-2B0E-4112-B875-F1AD35BD9534} = {10A7500E-B501-4B8E-A159-DF70C664686A}
	EndGlobalSection
	GlobalSection(ExtensibilityGlobals) = postSolution
		SolutionGuid = {E6FE25DD-EBBE-47B2-B505-15BA1ABF1138}
	EndGlobalSection
EndGlobal
